{
  "name": "beatmarker-exp-b",
  "version": "0.1.0",
  "lockfileVersion": 3,
  "requires": true,
  "packages": {
    "": {
      "name": "beatmarker-exp-b",
      "version": "0.1.0",
      "dependencies": {
        "audio-decode": "^3.9.3",
        "aurora": "^2.1.3",
        "js-mp3": "^0.1.0",
        "mp3.js": "^0.2.0",
        "mpg123-decoder": "*",
        "music-tempo": "*"
      },
      "devDependencies": {
        "esbuild": "*"
      }
    },
    "node_modules/@audio/decode-aac": {
      "version": "1.1.3",
      "resolved": "https://registry.npmjs.org/@audio/decode-aac/-/decode-aac-1.1.3.tgz",
      "integrity": "sha512-emyA+pFa+o9N728t5HpcInT6FZZtaFtl68ex7UW7iBOTv6DrN4jxASj1D9KQO0S86cpu6t2u9hW9X/99Srfjog==",
      "license": "GPL-2.0",
      "engines": {
        "node": ">=16"
      }
    },
    "node_modules/@audio/decode-aiff": {
      "version": "1.1.1",
      "resolved": "https://registry.npmjs.org/@audio/decode-aiff/-/decode-aiff-1.1.1.tgz",
      "integrity": "sha512-Q4hH7tNtoTnVVwaT/XWUITfDeG9Y0KVRFkeWa1Ksl8FkUgutemVASiIoT7PvIchlhseq4haDdvQGu5cuLHdbNw==",
      "license": "MIT",
      "engines": {
        "node": ">=16"
      }
    },
    "node_modules/@audio/decode-amr": {
      "version": "1.1.1",
      "resolved": "https://registry.npmjs.org/@audio/decode-amr/-/decode-amr-1.1.1.tgz",
      "integrity": "sha512-iIiY4YHaJ30isZVejhB/taO/jy7NVIveK/j6xPITqz/M/5JXC1tK5PMZ5PJ+Kni0LKGB+QN2BBonefKNkKr/VA==",
      "license": "Apache-2.0",
      "engines": {
        "node": ">=16"
      }
    },
    "node_modules/@audio/decode-caf": {
      "version": "1.1.1",
      "resolved": "https://registry.npmjs.org/@audio/decode-caf/-/decode-caf-1.1.1.tgz",
      "integrity": "sha512-svwj9ZJ9k89T0O4t7Ca5G6AeCusJQOQo4gdJsDlCHw01E4XJm4ok3Oqu2vorgT7BoS1l1Sm2Ef4ib3cr1M9Gbw==",
      "license": "MIT",
      "engines": {
        "node": ">=16"
      }
    },
    "node_modules/@audio/decode-flac": {
      "version": "1.0.0",
      "resolved": "https://registry.npmjs.org/@audio/decode-flac/-/decode-flac-1.0.0.tgz",
      "integrity": "sha512-eqHgHKhePYDZ+LeOVYoAPdU8/LpB0kYQlVqhloBgYxiR8dM0MeVWJ3axKuOi7h8jmpK+mNuk2xOyPhm/1m3weQ==",
      "license": "MIT",
      "dependencies": {
        "@wasm-audio-decoders/flac": "^0.2.10"
      },
      "engines": {
        "node": ">=16"
      }
    },
    "node_modules/@audio/decode-mp3": {
      "version": "1.0.0",
      "resolved": "https://registry.npmjs.org/@audio/decode-mp3/-/decode-mp3-1.0.0.tgz",
      "integrity": "sha512-xiAuc9Z/N2vADbHqhDCYzDnX0tN7AC2+Yq4ANyHAOF7WOAX27TI/smhZJEhh6pVNBc7ShRWL3Cua0wUNB5i8tQ==",
      "license": "MIT",
      "dependencies": {
        "mpg123-decoder": "^1.0.3"
      },
      "engines": {
        "node": ">=16"
      }
    },
    "node_modules/@audio/decode-opus": {
      "version": "1.0.0",
      "resolved": "https://registry.npmjs.org/@audio/decode-opus/-/decode-opus-1.0.0.tgz",
      "integrity": "sha512-IwoBu72t09g/T5QKiOSJ1bPBE0fGQkhGh0LwVFH7Uj1xgZ18hVywoA9dCIWxlpnPqz/ZFnAdY7qaKbeEPfGJ+g==",
      "license": "MIT",
      "dependencies": {
        "ogg-opus-decoder": "^1.7.3"
      },
      "engines": {
        "node": ">=16"
      }
    },
    "node_modules/@audio/decode-qoa": {
      "version": "1.0.0",
      "resolved": "https://registry.npmjs.org/@audio/decode-qoa/-/decode-qoa-1.0.0.tgz",
      "integrity": "sha512-4O57YMprL+AZtxPVOgyDhUr2C+bVcp2cHrMKzBc4zo1ZJgITLZtfVA8TklTJEiLbvVfG2F0j44xHOTqCFhqvbA==",
      "license": "MIT",
      "dependencies": {
        "qoa-format": "^1.0.1"
      },
      "engines": {
        "node": ">=16"
      }
    },
    "node_modules/@audio/decode-vorbis": {
      "version": "1.0.0",
      "resolved": "https://registry.npmjs.org/@audio/decode-vorbis/-/decode-vorbis-1.0.0.tgz",
      "integrity": "sha512-8TR9V0GQuExgUMHOSYmBE/OreJ9D7YQH78ntPhCxxWM0IeV3qTE3To+cxZVSRg8bMXl6rB7GEGWMmJ8uLbkZlg==",
      "license": "MIT",
      "dependencies": {
        "@wasm-audio-decoders/ogg-vorbis": "^0.1.20"
      },
      "engines": {
        "node": ">=16"
      }
    },
    "node_modules/@audio/decode-wav": {
      "version": "1.1.0",
      "resolved": "https://registry.npmjs.org/@audio/decode-wav/-/decode-wav-1.1.0.tgz",
      "integrity": "sha512-BP02oMvFRPGbvZd5GZijEoMxt1c0u8IqYBL2nJxmv1j3oLmpJNmlv7LnMRH6s0WdZEcKryZbrPHh+xa72MaGoA==",
      "license": "MIT"
    },
    "node_modules/@audio/decode-webm": {
      "version": "1.2.1",
      "resolved": "https://registry.npmjs.org/@audio/decode-webm/-/decode-webm-1.2.1.tgz",
      "integrity": "sha512-UnlDUaPI7PF+I9neTF5LJ7NNrFgvi0zj8PsPcvkSf+NWW08UnbxgsN9WgtpY731R8MPMM10cZKGEoN0kqxT15Q==",
      "license": "MIT",
      "dependencies": {
        "@wasm-audio-decoders/ogg-vorbis": "^0.1.20",
        "opus-decoder": "^0.7.6"
      },
      "engines": {
        "node": ">=16"
      }
    },
    "node_modules/@audio/decode-wma": {
      "version": "1.1.2",
      "resolved": "https://registry.npmjs.org/@audio/decode-wma/-/decode-wma-1.1.2.tgz",
      "integrity": "sha512-zjmvnuhjSx6i8C8xPLxoNwfLxBvTeo2zf8L0Z8LM1H3HlwyWZEEfAlIppNf794f/mhsnbRAnwCpwQ1HklMIJrg==",
      "license": "GPL-2.0-or-later",
      "engines": {
        "node": ">=16"
      }
    },
    "node_modules/@esbuild/aix-ppc64": {
      "version": "0.28.0",
      "resolved": "https://registry.npmjs.org/@esbuild/aix-ppc64/-/aix-ppc64-0.28.0.tgz",
      "integrity": "sha512-lhRUCeuOyJQURhTxl4WkpFTjIsbDayJHih5kZC1giwE+MhIzAb7mEsQMqMf18rHLsrb5qI1tafG20mLxEWcWlA==",
      "cpu": [
        "ppc64"
      ],
      "dev": true,
      "license": "MIT",
      "optional": true,
      "os": [
        "aix"
      ],
      "engines": {
        "node": ">=18"
      }
    },
    "node_modules/@esbuild/android-arm": {
      "version": "0.28.0",
      "resolved": "https://registry.npmjs.org/@esbuild/android-arm/-/android-arm-0.28.0.tgz",
      "integrity": "sha512-wqh0ByljabXLKHeWXYLqoJ5jKC4XBaw6Hk08OfMrCRd2nP2ZQ5eleDZC41XHyCNgktBGYMbqnrJKq/K/lzPMSQ==",
      "cpu": [
        "arm"
      ],
      "dev": true,
      "license": "MIT",
      "optional": true,
      "os": [
        "android"
      ],
      "engines": {
        "node": ">=18"
      }
    },
    "node_modules/@esbuild/android-arm64": {
      "version": "0.28.0",
      "resolved": "https://registry.npmjs.org/@esbuild/android-arm64/-/android-arm64-0.28.0.tgz",
      "integrity": "sha512-+WzIXQOSaGs33tLEgYPYe/yQHf0WTU0X42Jca3y8NWMbUVhp7rUnw+vAsRC/QiDrdD31IszMrZy+qwPOPjd+rw==",
      "cpu": [
        "arm64"
      ],
      "dev": true,
      "license": "MIT",
      "optional": true,
      "os": [
        "android"
      ],
      "engines": {
        "node": ">=18"
      }
    },
    "node_modules/@esbuild/android-x64": {
      "version": "0.28.0",
      "resolved": "https://registry.npmjs.org/@esbuild/android-x64/-/android-x64-0.28.0.tgz",
      "integrity": "sha512-+VJggoaKhk2VNNqVL7f6S189UzShHC/mR9EE8rDdSkdpN0KflSwWY/gWjDrNxxisg8Fp1ZCD9jLMo4m0OUfeUA==",
      "cpu": [
        "x64"
      ],
      "dev": true,
      "license": "MIT",
      "optional": true,
      "os": [
        "android"
      ],
      "engines": {
        "node": ">=18"
      }
    },
    "node_modules/@esbuild/darwin-arm64": {
      "version": "0.28.0",
      "resolved": "https://registry.npmjs.org/@esbuild/darwin-arm64/-/darwin-arm64-0.28.0.tgz",
      "integrity": "sha512-0T+A9WZm+bZ84nZBtk1ckYsOvyA3x7e2Acj1KdVfV4/2tdG4fzUp91YHx+GArWLtwqp77pBXVCPn2We7Letr0Q==",
      "cpu": [
        "arm64"
      ],
      "dev": true,
      "license": "MIT",
      "optional": true,
      "os": [
        "darwin"
      ],
      "engines": {
        "node": ">=18"
      }
    },
    "node_modules/@esbuild/darwin-x64": {
      "version": "0.28.0",
      "resolved": "https://registry.npmjs.org/@esbuild/darwin-x64/-/darwin-x64-0.28.0.tgz",
      "integrity": "sha512-fyzLm/DLDl/84OCfp2f/XQ4flmORsjU7VKt8HLjvIXChJoFFOIL6pLJPH4Yhd1n1gGFF9mPwtlN5Wf82DZs+LQ==",
      "cpu": [
        "x64"
      ],
      "dev": true,
      "license": "MIT",
      "optional": true,
      "os": [
        "darwin"
      ],
      "engines": {
        "node": ">=18"
      }
    },
    "node_modules/@esbuild/freebsd-arm64": {
      "version": "0.28.0",
      "resolved": "https://registry.npmjs.org/@esbuild/freebsd-arm64/-/freebsd-arm64-0.28.0.tgz",
      "integrity": "sha512-l9GeW5UZBT9k9brBYI+0WDffcRxgHQD8ShN2Ur4xWq/NFzUKm3k5lsH4PdaRgb2w7mI9u61nr2gI2mLI27Nh3Q==",
      "cpu": [
        "arm64"
      ],
      "dev": true,
      "license": "MIT",
      "optional": true,
      "os": [
        "freebsd"
      ],
      "engines": {
        "node": ">=18"
      }
    },
    "node_modules/@esbuild/freebsd-x64": {
      "version": "0.28.0",
      "resolved": "https://registry.npmjs.org/@esbuild/freebsd-x64/-/freebsd-x64-0.28.0.tgz",
      "integrity": "sha512-BXoQai/A0wPO6Es3yFJ7APCiKGc1tdAEOgeTNy3SsB491S3aHn4S4r3e976eUnPdU+NbdtmBuLncYir2tMU9Nw==",
      "cpu": [
        "x64"
      ],
      "dev": true,
      "license": "MIT",
      "optional": true,
      "os": [
        "freebsd"
      ],
      "engines": {
        "node": ">=18"
      }
    },
    "node_modules/@esbuild/linux-arm": {
      "version": "0.28.0",
      "resolved": "https://registry.npmjs.org/@esbuild/linux-arm/-/linux-arm-0.28.0.tgz",
      "integrity": "sha512-CjaaREJagqJp7iTaNQjjidaNbCKYcd4IDkzbwwxtSvjI7NZm79qiHc8HqciMddQ6CKvJT6aBd8lO9kN/ZudLlw==",
      "cpu": [
        "arm"
      ],
      "dev": true,
      "license": "MIT",
      "optional": true,
      "os": [
        "linux"
      ],
      "engines": {
        "node": ">=18"
      }
    },
    "node_modules/@esbuild/linux-arm64": {
      "version": "0.28.0",
      "resolved": "https://registry.npmjs.org/@esbuild/linux-arm64/-/linux-arm64-0.28.0.tgz",
      "integrity": "sha512-RVyzfb3FWsGA55n6WY0MEIEPURL1FcbhFE6BffZEMEekfCzCIMtB5yyDcFnVbTnwk+CLAgTujmV/Lgvih56W+A==",
      "cpu": [
        "arm64"
      ],
      "dev": true,
      "license": "MIT",
      "optional": true,
      "os": [
        "linux"
      ],
      "engines": {
        "node": ">=18"
      }
    },
    "node_modules/@esbuild/linux-ia32": {
      "version": "0.28.0",
      "resolved": "https://registry.npmjs.org/@esbuild/linux-ia32/-/linux-ia32-0.28.0.tgz",
      "integrity": "sha512-KBnSTt1kxl9x70q+ydterVdl+Cn0H18ngRMRCEQfrbqdUuntQQ0LoMZv47uB97NljZFzY6HcfqEZ2SAyIUTQBQ==",
      "cpu": [
        "ia32"
      ],
      "dev": true,
      "license": "MIT",
      "optional": true,
      "os": [
        "linux"
      ],
      "engines": {
        "node": ">=18"
      }
    },
    "node_modules/@esbuild/linux-loong64": {
      "version": "0.28.0",
      "resolved": "https://registry.npmjs.org/@esbuild/linux-loong64/-/linux-loong64-0.28.0.tgz",
      "integrity": "sha512-zpSlUce1mnxzgBADvxKXX5sl8aYQHo2ezvMNI8I0lbblJtp8V4odlm3Yzlj7gPyt3T8ReksE6bK+pT3WD+aJRg==",
      "cpu": [
        "loong64"
      ],
      "dev": true,
      "license": "MIT",
      "optional": true,
      "os": [
        "linux"
      ],
      "engines": {
        "node": ">=18"
      }
    },
    "node_modules/@esbuild/linux-mips64el": {
      "version": "0.28.0",
      "resolved": "https://registry.npmjs.org/@esbuild/linux-mips64el/-/linux-mips64el-0.28.0.tgz",
      "integrity": "sha512-2jIfP6mmjkdmeTlsX/9vmdmhBmKADrWqN7zcdtHIeNSCH1SqIoNI63cYsjQR8J+wGa4Y5izRcSHSm8K3QWmk3w==",
      "cpu": [
        "mips64el"
      ],
      "dev": true,
      "license": "MIT",
      "optional": true,
      "os": [
        "linux"
      ],
      "engines": {
        "node": ">=18"
      }
    },
    "node_modules/@esbuild/linux-ppc64": {
      "version": "0.28.0",
      "resolved": "https://registry.npmjs.org/@esbuild/linux-ppc64/-/linux-ppc64-0.28.0.tgz",
      "integrity": "sha512-bc0FE9wWeC0WBm49IQMPSPILRocGTQt3j5KPCA8os6VprfuJ7KD+5PzESSrJ6GmPIPJK965ZJHTUlSA6GNYEhg==",
      "cpu": [
        "ppc64"
      ],
      "dev": true,
      "license": "MIT",
      "optional": true,
      "os": [
        "linux"
      ],
      "engines": {
        "node": ">=18"
      }
    },
    "node_modules/@esbuild/linux-riscv64": {
      "version": "0.28.0",
      "resolved": "https://registry.npmjs.org/@esbuild/linux-riscv64/-/linux-riscv64-0.28.0.tgz",
      "integrity": "sha512-SQPZOwoTTT/HXFXQJG/vBX8sOFagGqvZyXcgLA3NhIqcBv1BJU1d46c0rGcrij2B56Z2rNiSLaZOYW5cUk7yLQ==",
      "cpu": [
        "riscv64"
      ],
      "dev": true,
      "license": "MIT",
      "optional": true,
      "os": [
        "linux"
      ],
      "engines": {
        "node": ">=18"
      }
    },
    "node_modules/@esbuild/linux-s390x": {
      "version": "0.28.0",
      "resolved": "https://registry.npmjs.org/@esbuild/linux-s390x/-/linux-s390x-0.28.0.tgz",
      "integrity": "sha512-SCfR0HN8CEEjnYnySJTd2cw0k9OHB/YFzt5zgJEwa+wL/T/raGWYMBqwDNAC6dqFKmJYZoQBRfHjgwLHGSrn3Q==",
      "cpu": [
        "s390x"
      ],
      "dev": true,
      "license": "MIT",
      "optional": true,
      "os": [
        "linux"
      ],
      "engines": {
        "node": ">=18"
      }
    },
    "node_modules/@esbuild/linux-x64": {
      "version": "0.28.0",
      "resolved": "https://registry.npmjs.org/@esbuild/linux-x64/-/linux-x64-0.28.0.tgz",
      "integrity": "sha512-us0dSb9iFxIi8srnpl931Nvs65it/Jd2a2K3qs7fz2WfGPHqzfzZTfec7oxZJRNPXPnNYZtanmRc4AL/JwVzHQ==",
      "cpu": [
        "x64"
      ],
      "dev": true,
      "license": "MIT",
      "optional": true,
      "os": [
        "linux"
      ],
      "engines": {
        "node": ">=18"
      }
    },
    "node_modules/@esbuild/netbsd-arm64": {
      "version": "0.28.0",
      "resolved": "https://registry.npmjs.org/@esbuild/netbsd-arm64/-/netbsd-arm64-0.28.0.tgz",
      "integrity": "sha512-CR/RYotgtCKwtftMwJlUU7xCVNg3lMYZ0RzTmAHSfLCXw3NtZtNpswLEj/Kkf6kEL3Gw+BpOekRX0BYCtklhUw==",
      "cpu": [
        "arm64"
      ],
      "dev": true,
      "license": "MIT",
      "optional": true,
      "os": [
        "netbsd"
      ],
      "engines": {
        "node": ">=18"
      }
    },
    "node_modules/@esbuild/netbsd-x64": {
      "version": "0.28.0",
      "resolved": "https://registry.npmjs.org/@esbuild/netbsd-x64/-/netbsd-x64-0.28.0.tgz",
      "integrity": "sha512-nU1yhmYutL+fQ71Kxnhg8uEOdC0pwEW9entHykTgEbna2pw2dkbFSMeqjjyHZoCmt8SBkOSvV+yNmm94aUrrqw==",
      "cpu": [
        "x64"
      ],
      "dev": true,
      "license": "MIT",
      "optional": true,
      "os": [
        "netbsd"
      ],
      "engines": {
        "node": ">=18"
      }
    },
    "node_modules/@esbuild/openbsd-arm64": {
      "version": "0.28.0",
      "resolved": "https://registry.npmjs.org/@esbuild/openbsd-arm64/-/openbsd-arm64-0.28.0.tgz",
      "integrity": "sha512-cXb5vApOsRsxsEl4mcZ1XY3D4DzcoMxR/nnc4IyqYs0rTI8ZKmW6kyyg+11Z8yvgMfAEldKzP7AdP64HnSC/6g==",
      "cpu": [
        "arm64"
      ],
      "dev": true,
      "license": "MIT",
      "optional": true,
      "os": [
        "openbsd"
      ],
      "engines": {
        "node": ">=18"
      }
    },
    "node_modules/@esbuild/openbsd-x64": {
      "version": "0.28.0",
      "resolved": "https://registry.npmjs.org/@esbuild/openbsd-x64/-/openbsd-x64-0.28.0.tgz",
      "integrity": "sha512-8wZM2qqtv9UP3mzy7HiGYNH/zjTA355mpeuA+859TyR+e+Tc08IHYpLJuMsfpDJwoLo1ikIJI8jC3GFjnRClzA==",
      "cpu": [
        "x64"
      ],
      "dev": true,
      "license": "MIT",
      "optional": true,
      "os": [
        "openbsd"
      ],
      "engines": {
        "node": ">=18"
      }
    },
    "node_modules/@esbuild/openharmony-arm64": {
      "version": "0.28.0",
      "resolved": "https://registry.npmjs.org/@esbuild/openharmony-arm64/-/openharmony-arm64-0.28.0.tgz",
      "integrity": "sha512-FLGfyizszcef5C3YtoyQDACyg95+dndv79i2EekILBofh5wpCa1KuBqOWKrEHZg3zrL3t5ouE5jgr94vA+Wb2w==",
      "cpu": [
        "arm64"
      ],
      "dev": true,
      "license": "MIT",
      "optional": true,
      "os": [
        "openharmony"
      ],
      "engines": {
        "node": ">=18"
      }
    },
    "node_modules/@esbuild/sunos-x64": {
      "version": "0.28.0",
      "resolved": "https://registry.npmjs.org/@esbuild/sunos-x64/-/sunos-x64-0.28.0.tgz",
      "integrity": "sha512-1ZgjUoEdHZZl/YlV76TSCz9Hqj9h9YmMGAgAPYd+q4SicWNX3G5GCyx9uhQWSLcbvPW8Ni7lj4gDa1T40akdlw==",
      "cpu": [
        "x64"
      ],
      "dev": true,
      "license": "MIT",
      "optional": true,
      "os": [
        "sunos"
      ],
      "engines": {
        "node": ">=18"
      }
    },
    "node_modules/@esbuild/win32-arm64": {
      "version": "0.28.0",
      "resolved": "https://registry.npmjs.org/@esbuild/win32-arm64/-/win32-arm64-0.28.0.tgz",
      "integrity": "sha512-Q9StnDmQ/enxnpxCCLSg0oo4+34B9TdXpuyPeTedN/6+iXBJ4J+zwfQI28u/Jl40nOYAxGoNi7mFP40RUtkmUA==",
      "cpu": [
        "arm64"
      ],
      "dev": true,
      "license": "MIT",
      "optional": true,
      "os": [
        "win32"
      ],
      "engines": {
        "node": ">=18"
      }
    },
    "node_modules/@esbuild/win32-ia32": {
      "version": "0.28.0",
      "resolved": "https://registry.npmjs.org/@esbuild/win32-ia32/-/win32-ia32-0.28.0.tgz",
      "integrity": "sha512-zF3ag/gfiCe6U2iczcRzSYJKH1DCI+ByzSENHlM2FcDbEeo5Zd2C86Aq0tKUYAJJ1obRP84ymxIAksZUcdztHA==",
      "cpu": [
        "ia32"
      ],
      "dev": true,
      "license": "MIT",
      "optional": true,
      "os": [
        "win32"
      ],
      "engines": {
        "node": ">=18"
      }
    },
    "node_modules/@esbuild/win32-x64": {
      "version": "0.28.0",
      "resolved": "https://registry.npmjs.org/@esbuild/win32-x64/-/win32-x64-0.28.0.tgz",
      "integrity": "sha512-pEl1bO9mfAmIC+tW5btTmrKaujg3zGtUmWNdCw/xs70FBjwAL3o9OEKNHvNmnyylD6ubxUERiEhdsL0xBQ9efw==",
      "cpu": [
        "x64"
      ],
      "dev": true,
      "license": "MIT",
      "optional": true,
      "os": [
        "win32"
      ],
      "engines": {
        "node": ">=18"
      }
    },
    "node_modules/@eshaz/web-worker": {
      "version": "1.2.2",
      "resolved": "https://registry.npmjs.org/@eshaz/web-worker/-/web-worker-1.2.2.tgz",
      "integrity": "sha512-WxXiHFmD9u/owrzempiDlBB1ZYqiLnm9s6aPc8AlFQalq2tKmqdmMr9GXOupDgzXtqnBipj8Un0gkIm7Sjf8mw==",
      "license": "Apache-2.0"
    },
    "node_modules/@thi.ng/bitstream": {
      "version": "2.4.46",
      "resolved": "https://registry.npmjs.org/@thi.ng/bitstream/-/bitstream-2.4.46.tgz",
      "integrity": "sha512-p2cZshqkY/YX8EtNZEw29wbNF2vAJfi6A+yTkLUzERMpYIIdQz6bIt8rSJFyPqZcB5cI+tauXWwBXFbbsXuqKg==",
      "funding": [
        {
          "type": "github",
          "url": "https://github.com/sponsors/postspectacular"
        },
        {
          "type": "patreon",
          "url": "https://patreon.com/thing_umbrella"
        },
        {
          "type": "liberapay",
          "url": "https://liberapay.com/thi.ng"
        }
      ],
      "license": "Apache-2.0",
      "dependencies": {
        "@thi.ng/errors": "^2.6.8"
      },
      "engines": {
        "node": ">=18"
      }
    },
    "node_modules/@thi.ng/errors": {
      "version": "2.6.8",
      "resolved": "https://registry.npmjs.org/@thi.ng/errors/-/errors-2.6.8.tgz",
      "integrity": "sha512-npKV69U8JYpMLZiqhUWf9dmd9Esjy36o7CxxGUgoLRS4ZmTLuIKqKfFnZuLrx6D5Mmb+D9ARCDR7qXO1QJV8DQ==",
      "funding": [
        {
          "type": "github",
          "url": "https://github.com/sponsors/postspectacular"
        },
        {
          "type": "patreon",
          "url": "https://patreon.com/thing_umbrella"
        },
        {
          "type": "liberapay",
          "url": "https://liberapay.com/thi.ng"
        }
      ],
      "license": "Apache-2.0",
      "engines": {
        "node": ">=18"
      }
    },
    "node_modules/@wasm-audio-decoders/common": {
      "version": "9.0.7",
      "resolved": "https://registry.npmjs.org/@wasm-audio-decoders/common/-/common-9.0.7.tgz",
      "integrity": "sha512-WRaUuWSKV7pkttBygml/a6dIEpatq2nnZGFIoPTc5yPLkxL6Wk4YaslPM98OPQvWacvNZ+Py9xROGDtrFBDzag==",
      "license": "MIT",
      "dependencies": {
        "@eshaz/web-worker": "1.2.2",
        "simple-yenc": "^1.0.4"
      }
    },
    "node_modules/@wasm-audio-decoders/flac": {
      "version": "0.2.10",
      "resolved": "https://registry.npmjs.org/@wasm-audio-decoders/flac/-/flac-0.2.10.tgz",
      "integrity": "sha512-YfcyoD2rYRBa6ffawZKNi5qvV5HArJmNmuMVUPoutuZ2hhGi6WNSWIzgvbROGmPbFivLL764Am7xxJENWJDhjw==",
      "license": "MIT",
      "dependencies": {
        "@wasm-audio-decoders/common": "9.0.7",
        "codec-parser": "2.5.0"
      },
      "funding": {
        "type": "individual",
        "url": "https://github.com/sponsors/eshaz"
      }
    },
    "node_modules/@wasm-audio-decoders/ogg-vorbis": {
      "version": "0.1.20",
      "resolved": "https://registry.npmjs.org/@wasm-audio-decoders/ogg-vorbis/-/ogg-vorbis-0.1.20.tgz",
      "integrity": "sha512-zaQPasU5usRjUDXtXOHYED5tfkR4QMXd+EH3Nrz1+4+M5pCsdD+s9YxJqb0oqnTyRu/KUujOmu5Z/m/NT47vwg==",
      "license": "MIT",
      "dependencies": {
        "@wasm-audio-decoders/common": "9.0.7",
        "codec-parser": "2.5.0"
      },
      "funding": {
        "type": "individual",
        "url": "https://github.com/sponsors/eshaz"
      }
    },
    "node_modules/@wasm-audio-decoders/opus-ml": {
      "version": "0.0.2",
      "resolved": "https://registry.npmjs.org/@wasm-audio-decoders/opus-ml/-/opus-ml-0.0.2.tgz",
      "integrity": "sha512-58rWEqDGg+CKCyEeKm2KoxxSwTWtHh/NLTW9ObR4K8CGF6VwuuGudEI1CtniS/oSRmL1nJq/eh8MKARiluw4DQ==",
      "license": "MIT",
      "dependencies": {
        "@wasm-audio-decoders/common": "9.0.7"
      },
      "funding": {
        "type": "individual",
        "url": "https://github.com/sponsors/eshaz"
      }
    },
    "node_modules/audio-decode": {
      "version": "3.9.3",
      "resolved": "https://registry.npmjs.org/audio-decode/-/audio-decode-3.9.3.tgz",
      "integrity": "sha512-SGgF9uD9UOJZLFaYVt44Aa4YMJQp4gaC4ISimcOXjIHp4XVjCKqcNc5+cjxRVrJ3RNqXmw9+jk9U3RZLMtChcQ==",
      "license": "MIT",
      "workspaces": [
        "packages/*"
      ],
      "dependencies": {
        "@audio/decode-aac": "^1.0.2",
        "@audio/decode-aiff": "^1.0.0",
        "@audio/decode-amr": "^1.0.0",
        "@audio/decode-caf": "^1.0.0",
        "@audio/decode-flac": "^1.0.0",
        "@audio/decode-mp3": "^1.0.0",
        "@audio/decode-opus": "^1.0.0",
        "@audio/decode-qoa": "^1.0.0",
        "@audio/decode-vorbis": "^1.0.0",
        "@audio/decode-wav": "^1.0.0",
        "@audio/decode-webm": "^1.0.0",
        "@audio/decode-wma": "^1.0.0",
        "audio-type": "^2.4.0"
      }
    },
    "node_modules/audio-type": {
      "version": "2.4.1",
      "resolved": "https://registry.npmjs.org/audio-type/-/audio-type-2.4.1.tgz",
      "integrity": "sha512-dK9Z/P83C/rBfTrXXgPD3jZ+aXxx2o/P4rq8+H1JqxbXklitEeJw4CrcwMC5CkON3CX3yy2gaWnIEVYejYh0zQ==",
      "license": "MIT",
      "engines": {
        "node": ">=14"
      }
    },
    "node_modules/aurora": {
      "version": "2.1.3",
      "resolved": "https://registry.npmjs.org/aurora/-/aurora-2.1.3.tgz",
      "integrity": "sha512-lXtymrdJtaQL2LgVqA5VKwgyLqQBlAm8QLfTUU/xj6HRfjZdOgctEj6BRaLmWHaVDcCcU4IqDUdXpv/lX0pbBg==",
      "license": "MIT",
      "dependencies": {
        "deepmerge": "^2.1.0",
        "present": "^1.0.0",
        "uuid": "^3.2.1"
      }
    },
    "node_modules/codec-parser": {
      "version": "2.5.0",
      "resolved": "https://registry.npmjs.org/codec-parser/-/codec-parser-2.5.0.tgz",
      "integrity": "sha512-Ru9t80fV8B0ZiixQl8xhMTLru+dzuis/KQld32/x5T/+3LwZb0/YvQdSKytX9JqCnRdiupvAvyYJINKrXieziQ==",
      "license": "LGPL-3.0-or-later"
    },
    "node_modules/deepmerge": {
      "version": "2.2.1",
      "resolved": "https://registry.npmjs.org/deepmerge/-/deepmerge-2.2.1.tgz",
      "integrity": "sha512-R9hc1Xa/NOBi9WRVUWg19rl1UB7Tt4kuPd+thNJgFZoxXsTz7ncaPaeIm+40oSGuP33DfMb4sZt1QIGiJzC4EA==",
      "license": "MIT",
      "engines": {
        "node": ">=0.10.0"
      }
    },
    "node_modules/esbuild": {
      "version": "0.28.0",
      "resolved": "https://registry.npmjs.org/esbuild/-/esbuild-0.28.0.tgz",
      "integrity": "sha512-sNR9MHpXSUV/XB4zmsFKN+QgVG82Cc7+/aaxJ8Adi8hyOac+EXptIp45QBPaVyX3N70664wRbTcLTOemCAnyqw==",
      "dev": true,
      "hasInstallScript": true,
      "license": "MIT",
      "bin": {
        "esbuild": "bin/esbuild"
      },
      "engines": {
        "node": ">=18"
      },
      "optionalDependencies": {
        "@esbuild/aix-ppc64": "0.28.0",
        "@esbuild/android-arm": "0.28.0",
        "@esbuild/android-arm64": "0.28.0",
        "@esbuild/android-x64": "0.28.0",
        "@esbuild/darwin-arm64": "0.28.0",
        "@esbuild/darwin-x64": "0.28.0",
        "@esbuild/freebsd-arm64": "0.28.0",
        "@esbuild/freebsd-x64": "0.28.0",
        "@esbuild/linux-arm": "0.28.0",
        "@esbuild/linux-arm64": "0.28.0",
        "@esbuild/linux-ia32": "0.28.0",
        "@esbuild/linux-loong64": "0.28.0",
        "@esbuild/linux-mips64el": "0.28.0",
        "@esbuild/linux-ppc64": "0.28.0",
        "@esbuild/linux-riscv64": "0.28.0",
        "@esbuild/linux-s390x": "0.28.0",
        "@esbuild/linux-x64": "0.28.0",
        "@esbuild/netbsd-arm64": "0.28.0",
        "@esbuild/netbsd-x64": "0.28.0",
        "@esbuild/openbsd-arm64": "0.28.0",
        "@esbuild/openbsd-x64": "0.28.0",
        "@esbuild/openharmony-arm64": "0.28.0",
        "@esbuild/sunos-x64": "0.28.0",
        "@esbuild/win32-arm64": "0.28.0",
        "@esbuild/win32-ia32": "0.28.0",
        "@esbuild/win32-x64": "0.28.0"
      }
    },
    "node_modules/flashembed": {
      "version": "0.0.2",
      "resolved": "https://registry.npmjs.org/flashembed/-/flashembed-0.0.2.tgz",
      "integrity": "sha512-nCXIlNwMIsYqqwicbFoHCenBl25O4tWnSorEh5xeTGHDEQrG2SyeF/1A/t0TQk9k3rAJYdty1Z01GZ2Ks32aCw=="
    },
    "node_modules/js-mp3": {
      "version": "0.1.0",
      "resolved": "https://registry.npmjs.org/js-mp3/-/js-mp3-0.1.0.tgz",
      "integrity": "sha512-QBXkUtSoZN87uROL3NwPDeyuQIZghmZJHhZ/JYGSVnRhl2GdkEB+fgZCpfYGzJaOy7+7pYhp5jPC2xXS4IL+LQ==",
      "license": "MIT"
    },
    "node_modules/mp3.js": {
      "version": "0.2.0",
      "resolved": "https://registry.npmjs.org/mp3.js/-/mp3.js-0.2.0.tgz",
      "integrity": "sha512-/hJ36uAVylzAfjQe+RCdFVLIdQchklaRysKMlcZEfA8DB5se5z/NtstKPsCm/x4n/3LP0+QPv01k+PNUcJGiFQ==",
      "dependencies": {
        "flashembed": "*"
      }
    },
    "node_modules/mpg123-decoder": {
      "version": "1.0.3",
      "resolved": "https://registry.npmjs.org/mpg123-decoder/-/mpg123-decoder-1.0.3.tgz",
      "integrity": "sha512-+fjxnWigodWJm3+4pndi+KUg9TBojgn31DPk85zEsim7C6s0X5Ztc/hQYdytXkwuGXH+aB0/aEkG40Emukv6oQ==",
      "license": "MIT",
      "dependencies": {
        "@wasm-audio-decoders/common": "9.0.7"
      },
      "funding": {
        "type": "individual",
        "url": "https://github.com/sponsors/eshaz"
      }
    },
    "node_modules/music-tempo": {
      "version": "1.0.3",
      "resolved": "https://registry.npmjs.org/music-tempo/-/music-tempo-1.0.3.tgz",
      "integrity": "sha512-qAocTKLp3jaSeJLeGs98mkkpLYDFM1VCevA1OPFJvLPkHlzwTLUxChXMgnxZRHKSJQ13DuaT+Fr51BEUb2D4pQ==",
      "license": "MIT"
    },
    "node_modules/ogg-opus-decoder": {
      "version": "1.7.3",
      "resolved": "https://registry.npmjs.org/ogg-opus-decoder/-/ogg-opus-decoder-1.7.3.tgz",
      "integrity": "sha512-w47tiZpkLgdkpa+34VzYD8mHUj8I9kfWVZa82mBbNwDvB1byfLXSSzW/HxA4fI3e9kVlICSpXGFwMLV1LPdjwg==",
      "license": "MIT",
      "dependencies": {
        "@wasm-audio-decoders/common": "9.0.7",
        "@wasm-audio-decoders/opus-ml": "0.0.2",
        "codec-parser": "2.5.0",
        "opus-decoder": "0.7.11"
      },
      "funding": {
        "type": "individual",
        "url": "https://github.com/sponsors/eshaz"
      }
    },
    "node_modules/opus-decoder": {
      "version": "0.7.11",
      "resolved": "https://registry.npmjs.org/opus-decoder/-/opus-decoder-0.7.11.tgz",
      "integrity": "sha512-+e+Jz3vGQLxRTBHs8YJQPRPc1Tr+/aC6coV/DlZylriA29BdHQAYXhvNRKtjftof17OFng0+P4wsFIqQu3a48A==",
      "license": "MIT",
      "dependencies": {
        "@wasm-audio-decoders/common": "9.0.7"
      },
      "funding": {
        "type": "individual",
        "url": "https://github.com/sponsors/eshaz"
      }
    },
    "node_modules/present": {
      "version": "1.0.0",
      "resolved": "https://registry.npmjs.org/present/-/present-1.0.0.tgz",
      "integrity": "sha512-Wx1aWTxGwXkqKNr/JxdP91qC0Gs+ZqmMgAFRkYjcGAsONZNbVdwDPqacSq3H7pp/GO1N7cCK97QzR7F152eFXQ==",
      "license": "MIT"
    },
    "node_modules/qoa-format": {
      "version": "1.0.1",
      "resolved": "https://registry.npmjs.org/qoa-format/-/qoa-format-1.0.1.tgz",
      "integrity": "sha512-dMB0Z6XQjdpz/Cw4Rf6RiBpQvUSPCfYlQMWvmuWlWkAT7nDQD29cVZ1SwDUB6DYJSitHENwbt90lqfI+7bvMcw==",
      "license": "MIT",
      "dependencies": {
        "@thi.ng/bitstream": "^2.2.12"
      }
    },
    "node_modules/simple-yenc": {
      "version": "1.0.4",
      "resolved": "https://registry.npmjs.org/simple-yenc/-/simple-yenc-1.0.4.tgz",
      "integrity": "sha512-5gvxpSd79e9a3V4QDYUqnqxeD4HGlhCakVpb6gMnDD7lexJggSBJRBO5h52y/iJrdXRilX9UCuDaIJhSWm5OWw==",
      "license": "MIT",
      "funding": {
        "type": "individual",
        "url": "https://github.com/sponsors/eshaz"
      }
    },
    "node_modules/uuid": {
      "version": "3.4.0",
      "resolved": "https://registry.npmjs.org/uuid/-/uuid-3.4.0.tgz",
      "integrity": "sha512-HjSDRw6gZE5JMggctHBcjVak08+KEVhSIiDzFnT9S9aegmp85S/bReBVTb4QTFaRNptJ9kuYaNhnbNEOkbKb/A==",
      "deprecated": "Please upgrade  to version 7 or higher.  Older versions may use Math.random() in certain circumstances, which is known to be problematic.  See https://v8.dev/blog/math-random for details.",
      "license": "MIT",
      "bin": {
        "uuid": "bin/uuid"
      }
    }
  }
}
